
Microsoft Visual Studio Solution File, Format Version 12.00
# Visual Studio Version 17
VisualStudioVersion = 17.9.34616.47
MinimumVisualStudioVersion = 10.0.40219.1
Project("{FAE04EC0-301F-11D3-BF4B-00C04F79EFBC}") = "RandomUserGeneratorTestApp", "RandomUserGeneratorTestApp\RandomUserGeneratorTestApp.csproj", "{108E4D81-5333-4680-AF27-9873B5753050}"
EndProject
Global
	GlobalSection(SolutionConfigurationPlatforms) = preSolution
		Debug|Any CPU = Debug|Any CPU
		Release|Any CPU = Release|Any CPU
	EndGlobalSection
	GlobalSection(ProjectConfigurationPlatforms) = postSolution
		{108E4D81-5333-4680-AF27-9873B5753050}.Debug|Any CPU.ActiveCfg = Debug|Any CPU
		{108E4D81-5333-4680-AF27-9873B5753050}.Debug|Any CPU.Build.0 = Debug|Any CPU
		{108E4D81-5333-4680-AF27-9873B5753050}.Release|Any CPU.ActiveCfg = Release|Any CPU
		{108E4D81-5333-4680-AF27-9873B5753050}.Release|Any CPU.Build.0 = Release|Any CPU
	EndGlobalSection
	GlobalSection(SolutionProperties) = preSolution
		HideSolutionNode = FALSE
	EndGlobalSection
	GlobalSection(ExtensibilityGlobals) = postSolution
		SolutionGuid = {E156645B-E07D-48A6-88C1-3DB90B724C8C}
	EndGlobalSection
EndGlobal
